
Microsoft Visual Studio Solution File, Format Version 12.00
# Visual Studio Version 17
VisualStudioVersion = 17.6.33815.320
MinimumVisualStudioVersion = 10.0.40219.1
Project("{FAE04EC0-301F-11D3-BF4B-00C04F79EFBC}") = "NoMoreMiniGames", "NoMoreMiniGames\NoMoreMiniGames.csproj", "{5EE673FB-88BB-43D2-8166-0DA84629669B}"
EndProject
Global
	GlobalSection(SolutionConfigurationPlatforms) = preSolution
		Debug|Any CPU = Debug|Any CPU
		Release|Any CPU = Release|Any CPU
	EndGlobalSection
	GlobalSection(ProjectConfigurationPlatforms) = postSolution
		{5EE673FB-88BB-43D2-8166-0DA84629669B}.Debug|Any CPU.ActiveCfg = Debug|Any CPU
		{5EE673FB-88BB-43D2-8166-0DA84629669B}.Debug|Any CPU.Build.0 = Debug|Any CPU
		{5EE673FB-88BB-43D2-8166-0DA84629669B}.Release|Any CPU.ActiveCfg = Release|Any CPU
		{5EE673FB-88BB-43D2-8166-0DA84629669B}.Release|Any CPU.Build.0 = Release|Any CPU
	EndGlobalSection
	GlobalSection(SolutionProperties) = preSolution
		HideSolutionNode = FALSE
	EndGlobalSection
	GlobalSection(ExtensibilityGlobals) = postSolution
		SolutionGuid = {15807F4F-23B2-4506-92E8-2C8BD134AA46}
	EndGlobalSection
EndGlobal
